
Microsoft Visual Studio Solution File, Format Version 12.00
# Visual Studio Version 17
VisualStudioVersion = 17.6.33723.286
MinimumVisualStudioVersion = 10.0.40219.1
Project("{9A19103F-16F7-4668-BE54-9A1E7A4F7556}") = "ImportIcal", "ImportIcal\ImportIcal.csproj", "{B2E569D4-5507-4AD9-87CA-628101F825FD}"
EndProject
Project("{2150E333-8FDC-42A3-9474-1A3956D46DE8}") = "Solution Items", "Solution Items", "{2DD0C43F-AA9A-4D1C-9874-A4F19249F2B5}"
	ProjectSection(SolutionItems) = preProject
		.gitignore = .gitignore
		README.md = README.md
	EndProjectSection
EndProject
Global
	GlobalSection(SolutionConfigurationPlatforms) = preSolution
		Debug|Any CPU = Debug|Any CPU
		Release|Any CPU = Release|Any CPU
	EndGlobalSection
	GlobalSection(ProjectConfigurationPlatforms) = postSolution
		{B2E569D4-5507-4AD9-87CA-628101F825FD}.Debug|Any CPU.ActiveCfg = Debug|Any CPU
		{B2E569D4-5507-4AD9-87CA-628101F825FD}.Debug|Any CPU.Build.0 = Debug|Any CPU
		{B2E569D4-5507-4AD9-87CA-628101F825FD}.Release|Any CPU.ActiveCfg = Release|Any CPU
		{B2E569D4-5507-4AD9-87CA-628101F825FD}.Release|Any CPU.Build.0 = Release|Any CPU
	EndGlobalSection
	GlobalSection(SolutionProperties) = preSolution
		HideSolutionNode = FALSE
	EndGlobalSection
	GlobalSection(ExtensibilityGlobals) = postSolution
		SolutionGuid = {1CDA35BD-5027-41DD-B894-6090A6AEDF7B}
	EndGlobalSection
EndGlobal
